
Microsoft Visual Studio Solution File, Format Version 12.00
# Visual Studio 14
VisualStudioVersion = 14.0.25123.0
MinimumVisualStudioVersion = 10.0.40219.1
Project("{FAE04EC0-301F-11D3-BF4B-00C04F79EFBC}") = "SurveyTool.Web", "SurveyTool.Web\SurveyTool.Web.csproj", "{6A67963A-7DBB-4065-A568-4B01A23B687E}"
EndProject
Project("{FAE04EC0-301F-11D3-BF4B-00C04F79EFBC}") = "SurveyTool.Entities", "SurveyTool.Entities\SurveyTool.Entities.csproj", "{9414ED11-6101-4475-81EF-3BE6CD1898DD}"
EndProject
Project("{FAE04EC0-301F-11D3-BF4B-00C04F79EFBC}") = "SurveyTool.DAL", "SurveyTool.DAL\SurveyTool.DAL.csproj", "{C0827F8C-56B6-4822-8C8A-9BC3FA6E7B88}"
EndProject
Project("{FAE04EC0-301F-11D3-BF4B-00C04F79EFBC}") = "SurveyTool.Service", "SurveyTool.Service\SurveyTool.Service.csproj", "{DEE68A3E-5880-424B-838B-016EA99894EE}"
EndProject
Project("{2150E333-8FDC-42A3-9474-1A3956D46DE8}") = "Framework", "Framework", "{4E187EF4-46BC-4DD3-BDC1-6B4134B7112F}"
EndProject
Project("{FAE04EC0-301F-11D3-BF4B-00C04F79EFBC}") = "Core", "Core\Core.csproj", "{C82AE243-D4B4-4C0F-B4F9-26CB0AC96268}"
EndProject
Global
	GlobalSection(SolutionConfigurationPlatforms) = preSolution
		Debug|Any CPU = Debug|Any CPU
		Release|Any CPU = Release|Any CPU
	EndGlobalSection
	GlobalSection(ProjectConfigurationPlatforms) = postSolution
		{6A67963A-7DBB-4065-A568-4B01A23B687E}.Debug|Any CPU.ActiveCfg = Debug|Any CPU
		{6A67963A-7DBB-4065-A568-4B01A23B687E}.Debug|Any CPU.Build.0 = Debug|Any CPU
		{6A67963A-7DBB-4065-A568-4B01A23B687E}.Release|Any CPU.ActiveCfg = Release|Any CPU
		{6A67963A-7DBB-4065-A568-4B01A23B687E}.Release|Any CPU.Build.0 = Release|Any CPU
		{9414ED11-6101-4475-81EF-3BE6CD1898DD}.Debug|Any CPU.ActiveCfg = Debug|Any CPU
		{9414ED11-6101-4475-81EF-3BE6CD1898DD}.Debug|Any CPU.Build.0 = Debug|Any CPU
		{9414ED11-6101-4475-81EF-3BE6CD1898DD}.Release|Any CPU.ActiveCfg = Release|Any CPU
		{9414ED11-6101-4475-81EF-3BE6CD1898DD}.Release|Any CPU.Build.0 = Release|Any CPU
		{C0827F8C-56B6-4822-8C8A-9BC3FA6E7B88}.Debug|Any CPU.ActiveCfg = Debug|Any CPU
		{C0827F8C-56B6-4822-8C8A-9BC3FA6E7B88}.Debug|Any CPU.Build.0 = Debug|Any CPU
		{C0827F8C-56B6-4822-8C8A-9BC3FA6E7B88}.Release|Any CPU.ActiveCfg = Release|Any CPU
		{C0827F8C-56B6-4822-8C8A-9BC3FA6E7B88}.Release|Any CPU.Build.0 = Release|Any CPU
		{DEE68A3E-5880-424B-838B-016EA99894EE}.Debug|Any CPU.ActiveCfg = Debug|Any CPU
		{DEE68A3E-5880-424B-838B-016EA99894EE}.Debug|Any CPU.Build.0 = Debug|Any CPU
		{DEE68A3E-5880-424B-838B-016EA99894EE}.Release|Any CPU.ActiveCfg = Release|Any CPU
		{DEE68A3E-5880-424B-838B-016EA99894EE}.Release|Any CPU.Build.0 = Release|Any CPU
		{C82AE243-D4B4-4C0F-B4F9-26CB0AC96268}.Debug|Any CPU.ActiveCfg = Debug|Any CPU
		{C82AE243-D4B4-4C0F-B4F9-26CB0AC96268}.Debug|Any CPU.Build.0 = Debug|Any CPU
		{C82AE243-D4B4-4C0F-B4F9-26CB0AC96268}.Release|Any CPU.ActiveCfg = Release|Any CPU
		{C82AE243-D4B4-4C0F-B4F9-26CB0AC96268}.Release|Any CPU.Build.0 = Release|Any CPU
	EndGlobalSection
	GlobalSection(SolutionProperties) = preSolution
		HideSolutionNode = FALSE
	EndGlobalSection
	GlobalSection(NestedProjects) = preSolution
		{C82AE243-D4B4-4C0F-B4F9-26CB0AC96268} = {4E187EF4-46BC-4DD3-BDC1-6B4134B7112F}
	EndGlobalSection
EndGlobal
